
Microsoft Visual Studio Solution File, Format Version 12.00
Project("{FAE04EC0-301F-11D3-BF4B-00C04F79EFBC}") = "ChartApp", "ChartApp\ChartApp.csproj", "{D070B4E1-5660-4784-99A7-3F741BCE83E6}"
EndProject
Global
	GlobalSection(SolutionConfigurationPlatforms) = preSolution
		Debug|Any CPU = Debug|Any CPU
		Release|Any CPU = Release|Any CPU
	EndGlobalSection
	GlobalSection(ProjectConfigurationPlatforms) = postSolution
		{D070B4E1-5660-4784-99A7-3F741BCE83E6}.Debug|Any CPU.ActiveCfg = Debug|Any CPU
		{D070B4E1-5660-4784-99A7-3F741BCE83E6}.Debug|Any CPU.Build.0 = Debug|Any CPU
		{D070B4E1-5660-4784-99A7-3F741BCE83E6}.Release|Any CPU.ActiveCfg = Release|Any CPU
		{D070B4E1-5660-4784-99A7-3F741BCE83E6}.Release|Any CPU.Build.0 = Release|Any CPU
	EndGlobalSection
EndGlobal
